
Microsoft Visual Studio Solution File, Format Version 12.00
Project("{FAE04EC0-301F-11D3-BF4B-00C04F79EFBC}") = "Cinema.Management", "Cinema.Management\Cinema.Management.csproj", "{E4DFE9D9-69AE-4A0D-AC51-E6D5BAD2364B}"
EndProject
Project("{2150E333-8FDC-42A3-9474-1A3956D46DE8}") = "Solution Items", "Solution Items", "{FE50E1F9-887D-400D-A009-F6E25A86089D}"
	ProjectSection(SolutionItems) = preProject
		compose.yaml = compose.yaml
		containers\service-bus\config.json = containers\service-bus\config.json
		Directory.Packages.props = Directory.Packages.props
	EndProjectSection
EndProject
Project("{FAE04EC0-301F-11D3-BF4B-00C04F79EFBC}") = "Cinema.Reservation", "Cinema.Reservation\Cinema.Reservation.csproj", "{EB8BBCD5-CBD4-4EAE-A25D-0AA4CC529DCF}"
EndProject
Project("{FAE04EC0-301F-11D3-BF4B-00C04F79EFBC}") = "Cinema.AppHost", "Cinema.AppHost\Cinema.AppHost.csproj", "{C389D480-9A66-46DC-88E6-A22C5611D76B}"
EndProject
Project("{FAE04EC0-301F-11D3-BF4B-00C04F79EFBC}") = "Cinema.Gateway", "Cinema.Gateway\Cinema.Gateway.csproj", "{6BA31A12-4517-4FFE-908B-480A8765BBE6}"
EndProject
Project("{FAE04EC0-301F-11D3-BF4B-00C04F79EFBC}") = "Cinema.ServiceDefaults", "Cinema.ServiceDefaults\Cinema.ServiceDefaults.csproj", "{523A6755-6A3B-4EAD-9EF7-8E0CD015E336}"
EndProject
Project("{FAE04EC0-301F-11D3-BF4B-00C04F79EFBC}") = "Cinema.Reservation.MigrationWorker", "Cinema.Reservation.MigrationWorker\Cinema.Reservation.MigrationWorker.csproj", "{CE3AF946-1FFD-474A-9E6D-A064E84EB891}"
EndProject
Project("{2150E333-8FDC-42A3-9474-1A3956D46DE8}") = "src", "src", "{A702B132-CE6F-44DF-89B1-FCBDDF307E5C}"
EndProject
Project("{2150E333-8FDC-42A3-9474-1A3956D46DE8}") = "tests", "tests", "{233EDF36-3C08-4E88-A007-52E7715982F2}"
EndProject
Project("{FAE04EC0-301F-11D3-BF4B-00C04F79EFBC}") = "Cinema.Functional.Tests", "Cinema.Functional.Tests\Cinema.Functional.Tests.csproj", "{6D3587E0-3104-4A9D-87B4-BB828DDE6BF7}"
EndProject
Global
	GlobalSection(SolutionConfigurationPlatforms) = preSolution
		Debug|Any CPU = Debug|Any CPU
		Release|Any CPU = Release|Any CPU
	EndGlobalSection
	GlobalSection(ProjectConfigurationPlatforms) = postSolution
		{E4DFE9D9-69AE-4A0D-AC51-E6D5BAD2364B}.Debug|Any CPU.ActiveCfg = Debug|Any CPU
		{E4DFE9D9-69AE-4A0D-AC51-E6D5BAD2364B}.Debug|Any CPU.Build.0 = Debug|Any CPU
		{E4DFE9D9-69AE-4A0D-AC51-E6D5BAD2364B}.Release|Any CPU.ActiveCfg = Release|Any CPU
		{E4DFE9D9-69AE-4A0D-AC51-E6D5BAD2364B}.Release|Any CPU.Build.0 = Release|Any CPU
		{EB8BBCD5-CBD4-4EAE-A25D-0AA4CC529DCF}.Debug|Any CPU.ActiveCfg = Debug|Any CPU
		{EB8BBCD5-CBD4-4EAE-A25D-0AA4CC529DCF}.Debug|Any CPU.Build.0 = Debug|Any CPU
		{EB8BBCD5-CBD4-4EAE-A25D-0AA4CC529DCF}.Release|Any CPU.ActiveCfg = Release|Any CPU
		{EB8BBCD5-CBD4-4EAE-A25D-0AA4CC529DCF}.Release|Any CPU.Build.0 = Release|Any CPU
		{C389D480-9A66-46DC-88E6-A22C5611D76B}.Debug|Any CPU.ActiveCfg = Debug|Any CPU
		{C389D480-9A66-46DC-88E6-A22C5611D76B}.Debug|Any CPU.Build.0 = Debug|Any CPU
		{C389D480-9A66-46DC-88E6-A22C5611D76B}.Release|Any CPU.ActiveCfg = Release|Any CPU
		{C389D480-9A66-46DC-88E6-A22C5611D76B}.Release|Any CPU.Build.0 = Release|Any CPU
		{6BA31A12-4517-4FFE-908B-480A8765BBE6}.Debug|Any CPU.ActiveCfg = Debug|Any CPU
		{6BA31A12-4517-4FFE-908B-480A8765BBE6}.Debug|Any CPU.Build.0 = Debug|Any CPU
		{6BA31A12-4517-4FFE-908B-480A8765BBE6}.Release|Any CPU.ActiveCfg = Release|Any CPU
		{6BA31A12-4517-4FFE-908B-480A8765BBE6}.Release|Any CPU.Build.0 = Release|Any CPU
		{523A6755-6A3B-4EAD-9EF7-8E0CD015E336}.Debug|Any CPU.ActiveCfg = Debug|Any CPU
		{523A6755-6A3B-4EAD-9EF7-8E0CD015E336}.Debug|Any CPU.Build.0 = Debug|Any CPU
		{523A6755-6A3B-4EAD-9EF7-8E0CD015E336}.Release|Any CPU.ActiveCfg = Release|Any CPU
		{523A6755-6A3B-4EAD-9EF7-8E0CD015E336}.Release|Any CPU.Build.0 = Release|Any CPU
		{CE3AF946-1FFD-474A-9E6D-A064E84EB891}.Debug|Any CPU.ActiveCfg = Debug|Any CPU
		{CE3AF946-1FFD-474A-9E6D-A064E84EB891}.Debug|Any CPU.Build.0 = Debug|Any CPU
		{CE3AF946-1FFD-474A-9E6D-A064E84EB891}.Release|Any CPU.ActiveCfg = Release|Any CPU
		{CE3AF946-1FFD-474A-9E6D-A064E84EB891}.Release|Any CPU.Build.0 = Release|Any CPU
		{6D3587E0-3104-4A9D-87B4-BB828DDE6BF7}.Debug|Any CPU.ActiveCfg = Debug|Any CPU
		{6D3587E0-3104-4A9D-87B4-BB828DDE6BF7}.Debug|Any CPU.Build.0 = Debug|Any CPU
		{6D3587E0-3104-4A9D-87B4-BB828DDE6BF7}.Release|Any CPU.ActiveCfg = Release|Any CPU
		{6D3587E0-3104-4A9D-87B4-BB828DDE6BF7}.Release|Any CPU.Build.0 = Release|Any CPU
	EndGlobalSection
	GlobalSection(NestedProjects) = preSolution
		{C389D480-9A66-46DC-88E6-A22C5611D76B} = {A702B132-CE6F-44DF-89B1-FCBDDF307E5C}
		{6BA31A12-4517-4FFE-908B-480A8765BBE6} = {A702B132-CE6F-44DF-89B1-FCBDDF307E5C}
		{E4DFE9D9-69AE-4A0D-AC51-E6D5BAD2364B} = {A702B132-CE6F-44DF-89B1-FCBDDF307E5C}
		{EB8BBCD5-CBD4-4EAE-A25D-0AA4CC529DCF} = {A702B132-CE6F-44DF-89B1-FCBDDF307E5C}
		{CE3AF946-1FFD-474A-9E6D-A064E84EB891} = {A702B132-CE6F-44DF-89B1-FCBDDF307E5C}
		{523A6755-6A3B-4EAD-9EF7-8E0CD015E336} = {A702B132-CE6F-44DF-89B1-FCBDDF307E5C}
		{6D3587E0-3104-4A9D-87B4-BB828DDE6BF7} = {233EDF36-3C08-4E88-A007-52E7715982F2}
	EndGlobalSection
EndGlobal
